{
  "originHash" : "673fa4a0b058bfd37be52dccc5aa8a5952b88b0e47a02d10e327688ef0684688",
  "pins" : [
    {
      "identity" : "droppykit",
      "kind" : "remoteSourceControl",
      "location" : "https://gitlab.com/droppyformac1/droppykit.git",
      "state" : {
        "revision" : "3d728a7981975714057650f80639c1e27d512fdb",
        "version" : "1.20.1"
      }
    }
  ],
  "version" : 3
}
